
Microsoft Visual Studio Solution File, Format Version 12.00
# Visual Studio Version 17
VisualStudioVersion = 17.0.32112.339
MinimumVisualStudioVersion = 10.0.40219.1
Project("{9A19103F-16F7-4668-BE54-9A1E7A4F7556}") = "SamllHax.MapleSyrup", "SamllHax.MapleSyrup\SamllHax.MapleSyrup.csproj", "{72BD3E9E-A1F5-465C-B80B-5E25FB452C95}"
EndProject
Project("{9A19103F-16F7-4668-BE54-9A1E7A4F7556}") = "SamllHax.MapleSyrup.Interfaces", "SamllHax.MapleSyrup.Interfaces\SamllHax.MapleSyrup.Interfaces.csproj", "{1CBCFE05-8C32-4D99-BD4D-9FFA36EB8CB6}"
EndProject
Project("{9A19103F-16F7-4668-BE54-9A1E7A4F7556}") = "SamllHax.MapleSyrup.Providers.Dumper", "SamllHax.MapleSyrup.Providers.Dumper\SamllHax.MapleSyrup.Providers.Dumper.csproj", "{6C690085-97C9-430E-920C-DA5197020661}"
EndProject
Project("{FAE04EC0-301F-11D3-BF4B-00C04F79EFBC}") = "SkiaKitchensink", "SkiaKitchensink\SkiaKitchensink.csproj", "{D8D29FAA-35C0-4644-9D91-2DB97A942B1E}"
EndProject
Global
	GlobalSection(SolutionConfigurationPlatforms) = preSolution
		Debug|Any CPU = Debug|Any CPU
		Release|Any CPU = Release|Any CPU
	EndGlobalSection
	GlobalSection(ProjectConfigurationPlatforms) = postSolution
		{72BD3E9E-A1F5-465C-B80B-5E25FB452C95}.Debug|Any CPU.ActiveCfg = Debug|Any CPU
		{72BD3E9E-A1F5-465C-B80B-5E25FB452C95}.Debug|Any CPU.Build.0 = Debug|Any CPU
		{72BD3E9E-A1F5-465C-B80B-5E25FB452C95}.Release|Any CPU.ActiveCfg = Release|Any CPU
		{72BD3E9E-A1F5-465C-B80B-5E25FB452C95}.Release|Any CPU.Build.0 = Release|Any CPU
		{1CBCFE05-8C32-4D99-BD4D-9FFA36EB8CB6}.Debug|Any CPU.ActiveCfg = Debug|Any CPU
		{1CBCFE05-8C32-4D99-BD4D-9FFA36EB8CB6}.Debug|Any CPU.Build.0 = Debug|Any CPU
		{1CBCFE05-8C32-4D99-BD4D-9FFA36EB8CB6}.Release|Any CPU.ActiveCfg = Release|Any CPU
		{1CBCFE05-8C32-4D99-BD4D-9FFA36EB8CB6}.Release|Any CPU.Build.0 = Release|Any CPU
		{6C690085-97C9-430E-920C-DA5197020661}.Debug|Any CPU.ActiveCfg = Debug|Any CPU
		{6C690085-97C9-430E-920C-DA5197020661}.Debug|Any CPU.Build.0 = Debug|Any CPU
		{6C690085-97C9-430E-920C-DA5197020661}.Release|Any CPU.ActiveCfg = Release|Any CPU
		{6C690085-97C9-430E-920C-DA5197020661}.Release|Any CPU.Build.0 = Release|Any CPU
		{D8D29FAA-35C0-4644-9D91-2DB97A942B1E}.Debug|Any CPU.ActiveCfg = Debug|Any CPU
		{D8D29FAA-35C0-4644-9D91-2DB97A942B1E}.Debug|Any CPU.Build.0 = Debug|Any CPU
		{D8D29FAA-35C0-4644-9D91-2DB97A942B1E}.Release|Any CPU.ActiveCfg = Release|Any CPU
		{D8D29FAA-35C0-4644-9D91-2DB97A942B1E}.Release|Any CPU.Build.0 = Release|Any CPU
	EndGlobalSection
	GlobalSection(SolutionProperties) = preSolution
		HideSolutionNode = FALSE
	EndGlobalSection
	GlobalSection(ExtensibilityGlobals) = postSolution
		SolutionGuid = {310BF174-BA62-4E35-86D9-36D7338F8C8E}
	EndGlobalSection
EndGlobal
